// !$*UTF8*$!
{
	archiveVersion = 1;
	classes = {
	};
	objectVersion = 50;
	objects = {

/* Begin PBXBuildFile section */
		1B35D4D22290A38000345E10 /* GoogleService-Info.plist in Resources */ = {isa = PBXBuildFile; fileRef = 1B35D4D12290A38000345E10 /* GoogleService-Info.plist */; };
		1B72369322907F30001F6433 /* AppDelegate.swift in Sources */ = {isa = PBXBuildFile; fileRef = 1B72369222907F30001F6433 /* AppDelegate.swift */; };
		1B72369522907F30001F6433 /* ViewController.swift in Sources */ = {isa = PBXBuildFile; fileRef = 1B72369422907F30001F6433 /* ViewController.swift */; };
		1B72369822907F30001F6433 /* Main.storyboard in Resources */ = {isa = PBXBuildFile; fileRef = 1B72369622907F30001F6433 /* Main.storyboard */; };
		1B72369A22907F32001F6433 /* Assets.xcassets in Resources */ = {isa = PBXBuildFile; fileRef = 1B72369922907F32001F6433 /* Assets.xcassets */; };
		1B72369D22907F32001F6433 /* LaunchScreen.storyboard in Resources */ = {isa = PBXBuildFile; fileRef = 1B72369B22907F32001F6433 /* LaunchScreen.storyboard */; };
		1B7236A822907F32001F6433 /* TrueNoteTests.swift in Sources */ = {isa = PBXBuildFile; fileRef = 1B7236A722907F32001F6433 /* TrueNoteTests.swift */; };
		1B7236B322907F32001F6433 /* TrueNoteUITests.swift in Sources */ = {isa = PBXBuildFile; fileRef = 1B7236B222907F32001F6433 /* TrueNoteUITests.swift */; };
		A0F5A525B9F4E39A363D2B8B /* Pods_TrueNoteTests.framework in Frameworks */ = {isa = PBXBuildFile; fileRef = 5A924C618127803D0E7B4FB7 /* Pods_TrueNoteTests.framework */; };
		C6E80D1BE975A4C9B0702813 /* Pods_TrueNoteUITests.framework in Frameworks */ = {isa = PBXBuildFile; fileRef = 83350AF292621811E5EDCFC8 /* Pods_TrueNoteUITests.framework */; };
		ECC07D9E27A17DA220108204 /* Pods_TrueNote.framework in Frameworks */ = {isa = PBXBuildFile; fileRef = 0FE11A235A6CDA6695E958B3 /* Pods_TrueNote.framework */; };
/* End PBXBuildFile section */

/* Begin PBXContainerItemProxy section */
		1B7236A422907F32001F6433 /* PBXContainerItemProxy */ = {
			isa = PBXContainerItemProxy;
			containerPortal = 1B72368722907F30001F6433 /* Project object */;
			proxyType = 1;
			remoteGlobalIDString = 1B72368E22907F30001F6433;
			remoteInfo = TrueNote;
		};
		1B7236AF22907F32001F6433 /* PBXContainerItemProxy */ = {
			isa = PBXContainerItemProxy;
			containerPortal = 1B72368722907F30001F6433 /* Project object */;
			proxyType = 1;
			remoteGlobalIDString = 1B72368E22907F30001F6433;
			remoteInfo = TrueNote;
		};
/* End PBXContainerItemProxy section */

/* Begin PBXFileReference section */
		0FE11A235A6CDA6695E958B3 /* Pods_TrueNote.framework */ = {isa = PBXFileReference; explicitFileType = wrapper.framework; includeInIndex = 0; path = Pods_TrueNote.framework; sourceTree = BUILT_PRODUCTS_DIR; };
		1B35D4D12290A38000345E10 /* GoogleService-Info.plist */ = {isa = PBXFileReference; fileEncoding = 4; lastKnownFileType = text.plist.xml; path = "GoogleService-Info.plist"; sourceTree = "<group>"; };
		1B72368F22907F30001F6433 /* TrueNote.app */ = {isa = PBXFileReference; explicitFileType = wrapper.application; includeInIndex = 0; path = TrueNote.app; sourceTree = BUILT_PRODUCTS_DIR; };
		1B72369222907F30001F6433 /* AppDelegate.swift */ = {isa = PBXFileReference; lastKnownFileType = sourcecode.swift; path = AppDelegate.swift; sourceTree = "<group>"; };
		1B72369422907F30001F6433 /* ViewController.swift */ = {isa = PBXFileReference; lastKnownFileType = sourcecode.swift; path = ViewController.swift; sourceTree = "<group>"; };
		1B72369722907F30001F6433 /* Base */ = {isa = PBXFileReference; lastKnownFileType = file.storyboard; name = Base; path = Base.lproj/Main.storyboard; sourceTree = "<group>"; };
		1B72369922907F32001F6433 /* Assets.xcassets */ = {isa = PBXFileReference; lastKnownFileType = folder.assetcatalog; path = Assets.xcassets; sourceTree = "<group>"; };
		1B72369C22907F32001F6433 /* Base */ = {isa = PBXFileReference; lastKnownFileType = file.storyboard; name = Base; path = Base.lproj/LaunchScreen.storyboard; sourceTree = "<group>"; };
		1B72369E22907F32001F6433 /* Info.plist */ = {isa = PBXFileReference; lastKnownFileType = text.plist.xml; path = Info.plist; sourceTree = "<group>"; };
		1B7236A322907F32001F6433 /* TrueNoteTests.xctest */ = {isa = PBXFileReference; explicitFileType = wrapper.cfbundle; includeInIndex = 0; path = TrueNoteTests.xctest; sourceTree = BUILT_PRODUCTS_DIR; };
		1B7236A722907F32001F6433 /* TrueNoteTests.swift */ = {isa = PBXFileReference; lastKnownFileType = sourcecode.swift; path = TrueNoteTests.swift; sourceTree = "<group>"; };
		1B7236A922907F32001F6433 /* Info.plist */ = {isa = PBXFileReference; lastKnownFileType = text.plist.xml; path = Info.plist; sourceTree = "<group>"; };
		1B7236AE22907F32001F6433 /* TrueNoteUITests.xctest */ = {isa = PBXFileReference; explicitFileType = wrapper.cfbundle; includeInIndex = 0; path = TrueNoteUITests.xctest; sourceTree = BUILT_PRODUCTS_DIR; };
		1B7236B222907F32001F6433 /* TrueNoteUITests.swift */ = {isa = PBXFileReference; lastKnownFileType = sourcecode.swift; path = TrueNoteUITests.swift; sourceTree = "<group>"; };
		1B7236B422907F32001F6433 /* Info.plist */ = {isa = PBXFileReference; lastKnownFileType = text.plist.xml; path = Info.plist; sourceTree = "<group>"; };
		242E2BEED68A479D9C951B56 /* Pods-TrueNoteUITests.debug.xcconfig */ = {isa = PBXFileReference; includeInIndex = 1; lastKnownFileType = text.xcconfig; name = "Pods-TrueNoteUITests.debug.xcconfig"; path = "Target Support Files/Pods-TrueNoteUITests/Pods-TrueNoteUITests.debug.xcconfig"; sourceTree = "<group>"; };
		284D11F8B93AD87D303F32E0 /* Pods-TrueNote.release.xcconfig */ = {isa = PBXFileReference; includeInIndex = 1; lastKnownFileType = text.xcconfig; name = "Pods-TrueNote.release.xcconfig"; path = "Target Support Files/Pods-TrueNote/Pods-TrueNote.release.xcconfig"; sourceTree = "<group>"; };
		29EE0BE6C2738BA83403E03C /* Pods-TrueNoteTests.debug.xcconfig */ = {isa = PBXFileReference; includeInIndex = 1; lastKnownFileType = text.xcconfig; name = "Pods-TrueNoteTests.debug.xcconfig"; path = "Target Support Files/Pods-TrueNoteTests/Pods-TrueNoteTests.debug.xcconfig"; sourceTree = "<group>"; };
		5A924C618127803D0E7B4FB7 /* Pods_TrueNoteTests.framework */ = {isa = PBXFileReference; explicitFileType = wrapper.framework; includeInIndex = 0; path = Pods_TrueNoteTests.framework; sourceTree = BUILT_PRODUCTS_DIR; };
		83350AF292621811E5EDCFC8 /* Pods_TrueNoteUITests.framework */ = {isa = PBXFileReference; explicitFileType = wrapper.framework; includeInIndex = 0; path = Pods_TrueNoteUITests.framework; sourceTree = BUILT_PRODUCTS_DIR; };
		BE0D50C4EF7C4EA518E8B129 /* Pods-TrueNoteTests.release.xcconfig */ = {isa = PBXFileReference; includeInIndex = 1; lastKnownFileType = text.xcconfig; name = "Pods-TrueNoteTests.release.xcconfig"; path = "Target Support Files/Pods-TrueNoteTests/Pods-TrueNoteTests.release.xcconfig"; sourceTree = "<group>"; };
		D648E8CE93535522B34C3A76 /* Pods-TrueNoteUITests.release.xcconfig */ = {isa = PBXFileReference; includeInIndex = 1; lastKnownFileType = text.xcconfig; name = "Pods-TrueNoteUITests.release.xcconfig"; path = "Target Support Files/Pods-TrueNoteUITests/Pods-TrueNoteUITests.release.xcconfig"; sourceTree = "<group>"; };
		E3D6F80E099036D216BE7F1B /* Pods-TrueNote.debug.xcconfig */ = {isa = PBXFileReference; includeInIndex = 1; lastKnownFileType = text.xcconfig; name = "Pods-TrueNote.debug.xcconfig"; path = "Target Support Files/Pods-TrueNote/Pods-TrueNote.debug.xcconfig"; sourceTree = "<group>"; };
/* End PBXFileReference section */

/* Begin PBXFrameworksBuildPhase section */
		1B72368C22907F30001F6433 /* Frameworks */ = {
			isa = PBXFrameworksBuildPhase;
			buildActionMask = 2147483647;
			files = (
				ECC07D9E27A17DA220108204 /* Pods_TrueNote.framework in Frameworks */,
			);
			runOnlyForDeploymentPostprocessing = 0;
		};
		1B7236A022907F32001F6433 /* Frameworks */ = {
			isa = PBXFrameworksBuildPhase;
			buildActionMask = 2147483647;
			files = (
				A0F5A525B9F4E39A363D2B8B /* Pods_TrueNoteTests.framework in Frameworks */,
			);
			runOnlyForDeploymentPostprocessing = 0;
		};
		1B7236AB22907F32001F6433 /* Frameworks */ = {
			isa = PBXFrameworksBuildPhase;
			buildActionMask = 2147483647;
			files = (
				C6E80D1BE975A4C9B0702813 /* Pods_TrueNoteUITests.framework in Frameworks */,
			);
			runOnlyForDeploymentPostprocessing = 0;
		};
/* End PBXFrameworksBuildPhase section */

/* Begin PBXGroup section */
		1B72368622907F30001F6433 = {
			isa = PBXGroup;
			children = (
				1B72369122907F30001F6433 /* TrueNote */,
				1B7236A622907F32001F6433 /* TrueNoteTests */,
				1B7236B122907F32001F6433 /* TrueNoteUITests */,
				1B72369022907F30001F6433 /* Products */,
				22C206A2EE4309AA05A113E2 /* Pods */,
				6BEC6D29CBBAC12779661F6E /* Frameworks */,
			);
			sourceTree = "<group>";
		};
		1B72369022907F30001F6433 /* Products */ = {
			isa = PBXGroup;
			children = (
				1B72368F22907F30001F6433 /* TrueNote.app */,
				1B7236A322907F32001F6433 /* TrueNoteTests.xctest */,
				1B7236AE22907F32001F6433 /* TrueNoteUITests.xctest */,
			);
			name = Products;
			sourceTree = "<group>";
		};
		1B72369122907F30001F6433 /* TrueNote */ = {
			isa = PBXGroup;
			children = (
				1B7236C322908032001F6433 /* Shared */,
				1B7236C222908026001F6433 /* Models */,
				1B7236C122908019001F6433 /* Controllers */,
				1B7236C022907FD9001F6433 /* StoryBoards */,
				1B72369222907F30001F6433 /* AppDelegate.swift */,
				1B72369922907F32001F6433 /* Assets.xcassets */,
				1B72369E22907F32001F6433 /* Info.plist */,
				1B35D4D12290A38000345E10 /* GoogleService-Info.plist */,
			);
			path = TrueNote;
			sourceTree = "<group>";
		};
		1B7236A622907F32001F6433 /* TrueNoteTests */ = {
			isa = PBXGroup;
			children = (
				1B7236A722907F32001F6433 /* TrueNoteTests.swift */,
				1B7236A922907F32001F6433 /* Info.plist */,
			);
			path = TrueNoteTests;
			sourceTree = "<group>";
		};
		1B7236B122907F32001F6433 /* TrueNoteUITests */ = {
			isa = PBXGroup;
			children = (
				1B7236B222907F32001F6433 /* TrueNoteUITests.swift */,
				1B7236B422907F32001F6433 /* Info.plist */,
			);
			path = TrueNoteUITests;
			sourceTree = "<group>";
		};
		1B7236C022907FD9001F6433 /* StoryBoards */ = {
			isa = PBXGroup;
			children = (
				1B72369B22907F32001F6433 /* LaunchScreen.storyboard */,
				1B72369622907F30001F6433 /* Main.storyboard */,
			);
			path = StoryBoards;
			sourceTree = "<group>";
		};
		1B7236C122908019001F6433 /* Controllers */ = {
			isa = PBXGroup;
			children = (
				1B72369422907F30001F6433 /* ViewController.swift */,
			);
			path = Controllers;
			sourceTree = "<group>";
		};
		1B7236C222908026001F6433 /* Models */ = {
			isa = PBXGroup;
			children = (
			);
			path = Models;
			sourceTree = "<group>";
		};
		1B7236C322908032001F6433 /* Shared */ = {
			isa = PBXGroup;
			children = (
			);
			path = Shared;
			sourceTree = "<group>";
		};
		22C206A2EE4309AA05A113E2 /* Pods */ = {
			isa = PBXGroup;
			children = (
				E3D6F80E099036D216BE7F1B /* Pods-TrueNote.debug.xcconfig */,
				284D11F8B93AD87D303F32E0 /* Pods-TrueNote.release.xcconfig */,
				29EE0BE6C2738BA83403E03C /* Pods-TrueNoteTests.debug.xcconfig */,
				BE0D50C4EF7C4EA518E8B129 /* Pods-TrueNoteTests.release.xcconfig */,
				242E2BEED68A479D9C951B56 /* Pods-TrueNoteUITests.debug.xcconfig */,
				D648E8CE93535522B34C3A76 /* Pods-TrueNoteUITests.release.xcconfig */,
			);
			path = Pods;
			sourceTree = "<group>";
		};
		6BEC6D29CBBAC12779661F6E /* Frameworks */ = {
			isa = PBXGroup;
			children = (
				0FE11A235A6CDA6695E958B3 /* Pods_TrueNote.framework */,
				5A924C618127803D0E7B4FB7 /* Pods_TrueNoteTests.framework */,
				83350AF292621811E5EDCFC8 /* Pods_TrueNoteUITests.framework */,
			);
			name = Frameworks;
			sourceTree = "<group>";
		};
/* End PBXGroup section */

/* Begin PBXNativeTarget section */
		1B72368E22907F30001F6433 /* TrueNote */ = {
			isa = PBXNativeTarget;
			buildConfigurationList = 1B7236B722907F32001F6433 /* Build configuration list for PBXNativeTarget "TrueNote" */;
			buildPhases = (
				730FEF5D4CB46A06C67A63FC /* [CP] Check Pods Manifest.lock */,
				1B72368B22907F30001F6433 /* Sources */,
				1B72368C22907F30001F6433 /* Frameworks */,
				1B72368D22907F30001F6433 /* Resources */,
				75F91F95DA04658BF45A6E35 /* [CP] Embed Pods Frameworks */,
				42C4015FEF2A34A1F1FA7743 /* [CP] Copy Pods Resources */,
			);
			buildRules = (
			);
			dependencies = (
			);
			name = TrueNote;
			productName = TrueNote;
			productReference = 1B72368F22907F30001F6433 /* TrueNote.app */;
			productType = "com.apple.product-type.application";
		};
		1B7236A222907F32001F6433 /* TrueNoteTests */ = {
			isa = PBXNativeTarget;
			buildConfigurationList = 1B7236BA22907F32001F6433 /* Build configuration list for PBXNativeTarget "TrueNoteTests" */;
			buildPhases = (
				4A17FCA47DF3D604AD861FE1 /* [CP] Check Pods Manifest.lock */,
				1B72369F22907F32001F6433 /* Sources */,
				1B7236A022907F32001F6433 /* Frameworks */,
				1B7236A122907F32001F6433 /* Resources */,
			);
			buildRules = (
			);
			dependencies = (
				1B7236A522907F32001F6433 /* PBXTargetDependency */,
			);
			name = TrueNoteTests;
			productName = TrueNoteTests;
			productReference = 1B7236A322907F32001F6433 /* TrueNoteTests.xctest */;
			productType = "com.apple.product-type.bundle.unit-test";
		};
		1B7236AD22907F32001F6433 /* TrueNoteUITests */ = {
			isa = PBXNativeTarget;
			buildConfigurationList = 1B7236BD22907F32001F6433 /* Build configuration list for PBXNativeTarget "TrueNoteUITests" */;
			buildPhases = (
				665871C2BF260B9802E34EE8 /* [CP] Check Pods Manifest.lock */,
				1B7236AA22907F32001F6433 /* Sources */,
				1B7236AB22907F32001F6433 /* Frameworks */,
				1B7236AC22907F32001F6433 /* Resources */,
			);
			buildRules = (
			);
			dependencies = (
				1B7236B022907F32001F6433 /* PBXTargetDependency */,
			);
			name = TrueNoteUITests;
			productName = TrueNoteUITests;
			productReference = 1B7236AE22907F32001F6433 /* TrueNoteUITests.xctest */;
			productType = "com.apple.product-type.bundle.ui-testing";
		};
/* End PBXNativeTarget section */

/* Begin PBXProject section */
		1B72368722907F30001F6433 /* Project object */ = {
			isa = PBXProject;
			attributes = {
				LastSwiftUpdateCheck = 0940;
				LastUpgradeCheck = 0940;
				ORGANIZATIONNAME = malith;
				TargetAttributes = {
					1B72368E22907F30001F6433 = {
						CreatedOnToolsVersion = 9.4.1;
					};
					1B7236A222907F32001F6433 = {
						CreatedOnToolsVersion = 9.4.1;
						TestTargetID = 1B72368E22907F30001F6433;
					};
					1B7236AD22907F32001F6433 = {
						CreatedOnToolsVersion = 9.4.1;
						TestTargetID = 1B72368E22907F30001F6433;
					};
				};
			};
			buildConfigurationList = 1B72368A22907F30001F6433 /* Build configuration list for PBXProject "TrueNote" */;
			compatibilityVersion = "Xcode 9.3";
			developmentRegion = en;
			hasScannedForEncodings = 0;
			knownRegions = (
				en,
				Base,
			);
			mainGroup = 1B72368622907F30001F6433;
			productRefGroup = 1B72369022907F30001F6433 /* Products */;
			projectDirPath = "";
			projectRoot = "";
			targets = (
				1B72368E22907F30001F6433 /* TrueNote */,
				1B7236A222907F32001F6433 /* TrueNoteTests */,
				1B7236AD22907F32001F6433 /* TrueNoteUITests */,
			);
		};
/* End PBXProject section */

/* Begin PBXResourcesBuildPhase section */
		1B72368D22907F30001F6433 /* Resources */ = {
			isa = PBXResourcesBuildPhase;
			buildActionMask = 2147483647;
			files = (
				1B72369D22907F32001F6433 /* LaunchScreen.storyboard in Resources */,
				1B35D4D22290A38000345E10 /* GoogleService-Info.plist in Resources */,
				1B72369A22907F32001F6433 /* Assets.xcassets in Resources */,
				1B72369822907F30001F6433 /* Main.storyboard in Resources */,
			);
			runOnlyForDeploymentPostprocessing = 0;
		};
		1B7236A122907F32001F6433 /* Resources */ = {
			isa = PBXResourcesBuildPhase;
			buildActionMask = 2147483647;
			files = (
			);
			runOnlyForDeploymentPostprocessing = 0;
		};
		1B7236AC22907F32001F6433 /* Resources */ = {
			isa = PBXResourcesBuildPhase;
			buildActionMask = 2147483647;
			files = (
			);
			runOnlyForDeploymentPostprocessing = 0;
		};
/* End PBXResourcesBuildPhase section */

/* Begin PBXShellScriptBuildPhase section */
		42C4015FEF2A34A1F1FA7743 /* [CP] Copy Pods Resources */ = {
			isa = PBXShellScriptBuildPhase;
			buildActionMask = 2147483647;
			files = (
			);
			inputPaths = (
				"${PODS_ROOT}/Target Support Files/Pods-TrueNote/Pods-TrueNote-resources.sh",
				"${PODS_ROOT}/GoogleSignIn/Resources/GoogleSignIn.bundle",
			);
			name = "[CP] Copy Pods Resources";
			outputPaths = (
				"${TARGET_BUILD_DIR}/${UNLOCALIZED_RESOURCES_FOLDER_PATH}/GoogleSignIn.bundle",
			);
			runOnlyForDeploymentPostprocessing = 0;
			shellPath = /bin/sh;
			shellScript = "\"${PODS_ROOT}/Target Support Files/Pods-TrueNote/Pods-TrueNote-resources.sh\"\n";
			showEnvVarsInLog = 0;
		};
		4A17FCA47DF3D604AD861FE1 /* [CP] Check Pods Manifest.lock */ = {
			isa = PBXShellScriptBuildPhase;
			buildActionMask = 2147483647;
			files = (
			);
			inputPaths = (
				"${PODS_PODFILE_DIR_PATH}/Podfile.lock",
				"${PODS_ROOT}/Manifest.lock",
			);
			name = "[CP] Check Pods Manifest.lock";
			outputPaths = (
				"$(DERIVED_FILE_DIR)/Pods-TrueNoteTests-checkManifestLockResult.txt",
			);
			runOnlyForDeploymentPostprocessing = 0;
			shellPath = /bin/sh;
			shellScript = "diff \"${PODS_PODFILE_DIR_PATH}/Podfile.lock\" \"${PODS_ROOT}/Manifest.lock\" > /dev/null\nif [ $? != 0 ] ; then\n    # print error to STDERR\n    echo \"error: The sandbox is not in sync with the Podfile.lock. Run 'pod install' or update your CocoaPods installation.\" >&2\n    exit 1\nfi\n# This output is used by Xcode 'outputs' to avoid re-running this script phase.\necho \"SUCCESS\" > \"${SCRIPT_OUTPUT_FILE_0}\"\n";
			showEnvVarsInLog = 0;
		};
		665871C2BF260B9802E34EE8 /* [CP] Check Pods Manifest.lock */ = {
			isa = PBXShellScriptBuildPhase;
			buildActionMask = 2147483647;
			files = (
			);
			inputPaths = (
				"${PODS_PODFILE_DIR_PATH}/Podfile.lock",
				"${PODS_ROOT}/Manifest.lock",
			);
			name = "[CP] Check Pods Manifest.lock";
			outputPaths = (
				"$(DERIVED_FILE_DIR)/Pods-TrueNoteUITests-checkManifestLockResult.txt",
			);
			runOnlyForDeploymentPostprocessing = 0;
			shellPath = /bin/sh;
			shellScript = "diff \"${PODS_PODFILE_DIR_PATH}/Podfile.lock\" \"${PODS_ROOT}/Manifest.lock\" > /dev/null\nif [ $? != 0 ] ; then\n    # print error to STDERR\n    echo \"error: The sandbox is not in sync with the Podfile.lock. Run 'pod install' or update your CocoaPods installation.\" >&2\n    exit 1\nfi\n# This output is used by Xcode 'outputs' to avoid re-running this script phase.\necho \"SUCCESS\" > \"${SCRIPT_OUTPUT_FILE_0}\"\n";
			showEnvVarsInLog = 0;
		};
		730FEF5D4CB46A06C67A63FC /* [CP] Check Pods Manifest.lock */ = {
			isa = PBXShellScriptBuildPhase;
			buildActionMask = 2147483647;
			files = (
			);
			inputPaths = (
				"${PODS_PODFILE_DIR_PATH}/Podfile.lock",
				"${PODS_ROOT}/Manifest.lock",
			);
			name = "[CP] Check Pods Manifest.lock";
			outputPaths = (
				"$(DERIVED_FILE_DIR)/Pods-TrueNote-checkManifestLockResult.txt",
			);
			runOnlyForDeploymentPostprocessing = 0;
			shellPath = /bin/sh;
			shellScript = "diff \"${PODS_PODFILE_DIR_PATH}/Podfile.lock\" \"${PODS_ROOT}/Manifest.lock\" > /dev/null\nif [ $? != 0 ] ; then\n    # print error to STDERR\n    echo \"error: The sandbox is not in sync with the Podfile.lock. Run 'pod install' or update your CocoaPods installation.\" >&2\n    exit 1\nfi\n# This output is used by Xcode 'outputs' to avoid re-running this script phase.\necho \"SUCCESS\" > \"${SCRIPT_OUTPUT_FILE_0}\"\n";
			showEnvVarsInLog = 0;
		};
		75F91F95DA04658BF45A6E35 /* [CP] Embed Pods Frameworks */ = {
			isa = PBXShellScriptBuildPhase;
			buildActionMask = 2147483647;
			files = (
			);
			inputPaths = (
				"${PODS_ROOT}/Target Support Files/Pods-TrueNote/Pods-TrueNote-frameworks.sh",
				"${BUILT_PRODUCTS_DIR}/Bolts/Bolts.framework",
				"${BUILT_PRODUCTS_DIR}/FBSDKCoreKit/FBSDKCoreKit.framework",
				"${BUILT_PRODUCTS_DIR}/FBSDKLoginKit/FBSDKLoginKit.framework",
				"${BUILT_PRODUCTS_DIR}/FBSDKShareKit/FBSDKShareKit.framework",
				"${BUILT_PRODUCTS_DIR}/GTMSessionFetcher/GTMSessionFetcher.framework",
				"${BUILT_PRODUCTS_DIR}/GoogleToolboxForMac/GoogleToolboxForMac.framework",
				"${BUILT_PRODUCTS_DIR}/GoogleUtilities/GoogleUtilities.framework",
				"${BUILT_PRODUCTS_DIR}/leveldb-library/leveldb.framework",
				"${BUILT_PRODUCTS_DIR}/nanopb/nanopb.framework",
			);
			name = "[CP] Embed Pods Frameworks";
			outputPaths = (
				"${TARGET_BUILD_DIR}/${FRAMEWORKS_FOLDER_PATH}/Bolts.framework",
				"${TARGET_BUILD_DIR}/${FRAMEWORKS_FOLDER_PATH}/FBSDKCoreKit.framework",
				"${TARGET_BUILD_DIR}/${FRAMEWORKS_FOLDER_PATH}/FBSDKLoginKit.framework",
				"${TARGET_BUILD_DIR}/${FRAMEWORKS_FOLDER_PATH}/FBSDKShareKit.framework",
				"${TARGET_BUILD_DIR}/${FRAMEWORKS_FOLDER_PATH}/GTMSessionFetcher.framework",
				"${TARGET_BUILD_DIR}/${FRAMEWORKS_FOLDER_PATH}/GoogleToolboxForMac.framework",
				"${TARGET_BUILD_DIR}/${FRAMEWORKS_FOLDER_PATH}/GoogleUtilities.framework",
				"${TARGET_BUILD_DIR}/${FRAMEWORKS_FOLDER_PATH}/leveldb.framework",
				"${TARGET_BUILD_DIR}/${FRAMEWORKS_FOLDER_PATH}/nanopb.framework",
			);
			runOnlyForDeploymentPostprocessing = 0;
			shellPath = /bin/sh;
			shellScript = "\"${PODS_ROOT}/Target Support Files/Pods-TrueNote/Pods-TrueNote-frameworks.sh\"\n";
			showEnvVarsInLog = 0;
		};
/* End PBXShellScriptBuildPhase section */

/* Begin PBXSourcesBuildPhase section */
		1B72368B22907F30001F6433 /* Sources */ = {
			isa = PBXSourcesBuildPhase;
			buildActionMask = 2147483647;
			files = (
				1B72369522907F30001F6433 /* ViewController.swift in Sources */,
				1B72369322907F30001F6433 /* AppDelegate.swift in Sources */,
			);
			runOnlyForDeploymentPostprocessing = 0;
		};
		1B72369F22907F32001F6433 /* Sources */ = {
			isa = PBXSourcesBuildPhase;
			buildActionMask = 2147483647;
			files = (
				1B7236A822907F32001F6433 /* TrueNoteTests.swift in Sources */,
			);
			runOnlyForDeploymentPostprocessing = 0;
		};
		1B7236AA22907F32001F6433 /* Sources */ = {
			isa = PBXSourcesBuildPhase;
			buildActionMask = 2147483647;
			files = (
				1B7236B322907F32001F6433 /* TrueNoteUITests.swift in Sources */,
			);
			runOnlyForDeploymentPostprocessing = 0;
		};
/* End PBXSourcesBuildPhase section */

/* Begin PBXTargetDependency section */
		1B7236A522907F32001F6433 /* PBXTargetDependency */ = {
			isa = PBXTargetDependency;
			target = 1B72368E22907F30001F6433 /* TrueNote */;
			targetProxy = 1B7236A422907F32001F6433 /* PBXContainerItemProxy */;
		};
		1B7236B022907F32001F6433 /* PBXTargetDependency */ = {
			isa = PBXTargetDependency;
			target = 1B72368E22907F30001F6433 /* TrueNote */;
			targetProxy = 1B7236AF22907F32001F6433 /* PBXContainerItemProxy */;
		};
/* End PBXTargetDependency section */

/* Begin PBXVariantGroup section */
		1B72369622907F30001F6433 /* Main.storyboard */ = {
			isa = PBXVariantGroup;
			children = (
				1B72369722907F30001F6433 /* Base */,
			);
			name = Main.storyboard;
			sourceTree = "<group>";
		};
		1B72369B22907F32001F6433 /* LaunchScreen.storyboard */ = {
			isa = PBXVariantGroup;
			children = (
				1B72369C22907F32001F6433 /* Base */,
			);
			name = LaunchScreen.storyboard;
			sourceTree = "<group>";
		};
/* End PBXVariantGroup section */

/* Begin XCBuildConfiguration section */
		1B7236B522907F32001F6433 /* Debug */ = {
			isa = XCBuildConfiguration;
			buildSettings = {
				ALWAYS_SEARCH_USER_PATHS = NO;
				CLANG_ANALYZER_NONNULL = YES;
				CLANG_ANALYZER_NUMBER_OBJECT_CONVERSION = YES_AGGRESSIVE;
				CLANG_CXX_LANGUAGE_STANDARD = "gnu++14";
				CLANG_CXX_LIBRARY = "libc++";
				CLANG_ENABLE_MODULES = YES;
				CLANG_ENABLE_OBJC_ARC = YES;
				CLANG_ENABLE_OBJC_WEAK = YES;
				CLANG_WARN_BLOCK_CAPTURE_AUTORELEASING = YES;
				CLANG_WARN_BOOL_CONVERSION = YES;
				CLANG_WARN_COMMA = YES;
				CLANG_WARN_CONSTANT_CONVERSION = YES;
				CLANG_WARN_DEPRECATED_OBJC_IMPLEMENTATIONS = YES;
				CLANG_WARN_DIRECT_OBJC_ISA_USAGE = YES_ERROR;
				CLANG_WARN_DOCUMENTATION_COMMENTS = YES;
				CLANG_WARN_EMPTY_BODY = YES;
				CLANG_WARN_ENUM_CONVERSION = YES;
				CLANG_WARN_INFINITE_RECURSION = YES;
				CLANG_WARN_INT_CONVERSION = YES;
				CLANG_WARN_NON_LITERAL_NULL_CONVERSION = YES;
				CLANG_WARN_OBJC_IMPLICIT_RETAIN_SELF = YES;
				CLANG_WARN_OBJC_LITERAL_CONVERSION = YES;
				CLANG_WARN_OBJC_ROOT_CLASS = YES_ERROR;
				CLANG_WARN_RANGE_LOOP_ANALYSIS = YES;
				CLANG_WARN_STRICT_PROTOTYPES = YES;
				CLANG_WARN_SUSPICIOUS_MOVE = YES;
				CLANG_WARN_UNGUARDED_AVAILABILITY = YES_AGGRESSIVE;
				CLANG_WARN_UNREACHABLE_CODE = YES;
				CLANG_WARN__DUPLICATE_METHOD_MATCH = YES;
				CODE_SIGN_IDENTITY = "iPhone Developer";
				COPY_PHASE_STRIP = NO;
				DEBUG_INFORMATION_FORMAT = dwarf;
				ENABLE_STRICT_OBJC_MSGSEND = YES;
				ENABLE_TESTABILITY = YES;
				GCC_C_LANGUAGE_STANDARD = gnu11;
				GCC_DYNAMIC_NO_PIC = NO;
				GCC_NO_COMMON_BLOCKS = YES;
				GCC_OPTIMIZATION_LEVEL = 0;
				GCC_PREPROCESSOR_DEFINITIONS = (
					"DEBUG=1",
					"$(inherited)",
				);
				GCC_WARN_64_TO_32_BIT_CONVERSION = YES;
				GCC_WARN_ABOUT_RETURN_TYPE = YES_ERROR;
				GCC_WARN_UNDECLARED_SELECTOR = YES;
				GCC_WARN_UNINITIALIZED_AUTOS = YES_AGGRESSIVE;
				GCC_WARN_UNUSED_FUNCTION = YES;
				GCC_WARN_UNUSED_VARIABLE = YES;
				IPHONEOS_DEPLOYMENT_TARGET = 11.4;
				MTL_ENABLE_DEBUG_INFO = YES;
				ONLY_ACTIVE_ARCH = YES;
				SDKROOT = iphoneos;
				SWIFT_ACTIVE_COMPILATION_CONDITIONS = DEBUG;
				SWIFT_OPTIMIZATION_LEVEL = "-Onone";
			};
			name = Debug;
		};
		1B7236B622907F32001F6433 /* Release */ = {
			isa = XCBuildConfiguration;
			buildSettings = {
				ALWAYS_SEARCH_USER_PATHS = NO;
				CLANG_ANALYZER_NONNULL = YES;
				CLANG_ANALYZER_NUMBER_OBJECT_CONVERSION = YES_AGGRESSIVE;
				CLANG_CXX_LANGUAGE_STANDARD = "gnu++14";
				CLANG_CXX_LIBRARY = "libc++";
				CLANG_ENABLE_MODULES = YES;
				CLANG_ENABLE_OBJC_ARC = YES;
				CLANG_ENABLE_OBJC_WEAK = YES;
				CLANG_WARN_BLOCK_CAPTURE_AUTORELEASING = YES;
				CLANG_WARN_BOOL_CONVERSION = YES;
				CLANG_WARN_COMMA = YES;
				CLANG_WARN_CONSTANT_CONVERSION = YES;
				CLANG_WARN_DEPRECATED_OBJC_IMPLEMENTATIONS = YES;
				CLANG_WARN_DIRECT_OBJC_ISA_USAGE = YES_ERROR;
				CLANG_WARN_DOCUMENTATION_COMMENTS = YES;
				CLANG_WARN_EMPTY_BODY = YES;
				CLANG_WARN_ENUM_CONVERSION = YES;
				CLANG_WARN_INFINITE_RECURSION = YES;
				CLANG_WARN_INT_CONVERSION = YES;
				CLANG_WARN_NON_LITERAL_NULL_CONVERSION = YES;
				CLANG_WARN_OBJC_IMPLICIT_RETAIN_SELF = YES;
				CLANG_WARN_OBJC_LITERAL_CONVERSION = YES;
				CLANG_WARN_OBJC_ROOT_CLASS = YES_ERROR;
				CLANG_WARN_RANGE_LOOP_ANALYSIS = YES;
				CLANG_WARN_STRICT_PROTOTYPES = YES;
				CLANG_WARN_SUSPICIOUS_MOVE = YES;
				CLANG_WARN_UNGUARDED_AVAILABILITY = YES_AGGRESSIVE;
				CLANG_WARN_UNREACHABLE_CODE = YES;
				CLANG_WARN__DUPLICATE_METHOD_MATCH = YES;
				CODE_SIGN_IDENTITY = "iPhone Developer";
				COPY_PHASE_STRIP = NO;
				DEBUG_INFORMATION_FORMAT = "dwarf-with-dsym";
				ENABLE_NS_ASSERTIONS = NO;
				ENABLE_STRICT_OBJC_MSGSEND = YES;
				GCC_C_LANGUAGE_STANDARD = gnu11;
				GCC_NO_COMMON_BLOCKS = YES;
				GCC_WARN_64_TO_32_BIT_CONVERSION = YES;
				GCC_WARN_ABOUT_RETURN_TYPE = YES_ERROR;
				GCC_WARN_UNDECLARED_SELECTOR = YES;
				GCC_WARN_UNINITIALIZED_AUTOS = YES_AGGRESSIVE;
				GCC_WARN_UNUSED_FUNCTION = YES;
				GCC_WARN_UNUSED_VARIABLE = YES;
				IPHONEOS_DEPLOYMENT_TARGET = 11.4;
				MTL_ENABLE_DEBUG_INFO = NO;
				SDKROOT = iphoneos;
				SWIFT_COMPILATION_MODE = wholemodule;
				SWIFT_OPTIMIZATION_LEVEL = "-O";
				VALIDATE_PRODUCT = YES;
			};
			name = Release;
		};
		1B7236B822907F32001F6433 /* Debug */ = {
			isa = XCBuildConfiguration;
			baseConfigurationReference = E3D6F80E099036D216BE7F1B /* Pods-TrueNote.debug.xcconfig */;
			buildSettings = {
				ASSETCATALOG_COMPILER_APPICON_NAME = AppIcon;
				CODE_SIGN_STYLE = Automatic;
				INFOPLIST_FILE = TrueNote/Info.plist;
				LD_RUNPATH_SEARCH_PATHS = (
					"$(inherited)",
					"@executable_path/Frameworks",
				);
				PRODUCT_BUNDLE_IDENTIFIER = com.malith.TrueNote;
				PRODUCT_NAME = "$(TARGET_NAME)";
				SWIFT_VERSION = 4.0;
				TARGETED_DEVICE_FAMILY = "1,2";
			};
			name = Debug;
		};
		1B7236B922907F32001F6433 /* Release */ = {
			isa = XCBuildConfiguration;
			baseConfigurationReference = 284D11F8B93AD87D303F32E0 /* Pods-TrueNote.release.xcconfig */;
			buildSettings = {
				ASSETCATALOG_COMPILER_APPICON_NAME = AppIcon;
				CODE_SIGN_STYLE = Automatic;
				INFOPLIST_FILE = TrueNote/Info.plist;
				LD_RUNPATH_SEARCH_PATHS = (
					"$(inherited)",
					"@executable_path/Frameworks",
				);
				PRODUCT_BUNDLE_IDENTIFIER = com.malith.TrueNote;
				PRODUCT_NAME = "$(TARGET_NAME)";
				SWIFT_VERSION = 4.0;
				TARGETED_DEVICE_FAMILY = "1,2";
			};
			name = Release;
		};
		1B7236BB22907F32001F6433 /* Debug */ = {
			isa = XCBuildConfiguration;
			baseConfigurationReference = 29EE0BE6C2738BA83403E03C /* Pods-TrueNoteTests.debug.xcconfig */;
			buildSettings = {
				ALWAYS_EMBED_SWIFT_STANDARD_LIBRARIES = YES;
				BUNDLE_LOADER = "$(TEST_HOST)";
				CODE_SIGN_STYLE = Automatic;
				INFOPLIST_FILE = TrueNoteTests/Info.plist;
				LD_RUNPATH_SEARCH_PATHS = (
					"$(inherited)",
					"@executable_path/Frameworks",
					"@loader_path/Frameworks",
				);
				PRODUCT_BUNDLE_IDENTIFIER = com.malith.TrueNoteTests;
				PRODUCT_NAME = "$(TARGET_NAME)";
				SWIFT_VERSION = 4.0;
				TARGETED_DEVICE_FAMILY = "1,2";
				TEST_HOST = "$(BUILT_PRODUCTS_DIR)/TrueNote.app/TrueNote";
			};
			name = Debug;
		};
		1B7236BC22907F32001F6433 /* Release */ = {
			isa = XCBuildConfiguration;
			baseConfigurationReference = BE0D50C4EF7C4EA518E8B129 /* Pods-TrueNoteTests.release.xcconfig */;
			buildSettings = {
				ALWAYS_EMBED_SWIFT_STANDARD_LIBRARIES = YES;
				BUNDLE_LOADER = "$(TEST_HOST)";
				CODE_SIGN_STYLE = Automatic;
				INFOPLIST_FILE = TrueNoteTests/Info.plist;
				LD_RUNPATH_SEARCH_PATHS = (
					"$(inherited)",
					"@executable_path/Frameworks",
					"@loader_path/Frameworks",
				);
				PRODUCT_BUNDLE_IDENTIFIER = com.malith.TrueNoteTests;
				PRODUCT_NAME = "$(TARGET_NAME)";
				SWIFT_VERSION = 4.0;
				TARGETED_DEVICE_FAMILY = "1,2";
				TEST_HOST = "$(BUILT_PRODUCTS_DIR)/TrueNote.app/TrueNote";
			};
			name = Release;
		};
		1B7236BE22907F32001F6433 /* Debug */ = {
			isa = XCBuildConfiguration;
			baseConfigurationReference = 242E2BEED68A479D9C951B56 /* Pods-TrueNoteUITests.debug.xcconfig */;
			buildSettings = {
				ALWAYS_EMBED_SWIFT_STANDARD_LIBRARIES = YES;
				CODE_SIGN_STYLE = Automatic;
				INFOPLIST_FILE = TrueNoteUITests/Info.plist;
				LD_RUNPATH_SEARCH_PATHS = (
					"$(inherited)",
					"@executable_path/Frameworks",
					"@loader_path/Frameworks",
				);
				PRODUCT_BUNDLE_IDENTIFIER = com.malith.TrueNoteUITests;
				PRODUCT_NAME = "$(TARGET_NAME)";
				SWIFT_VERSION = 4.0;
				TARGETED_DEVICE_FAMILY = "1,2";
				TEST_TARGET_NAME = TrueNote;
			};
			name = Debug;
		};
		1B7236BF22907F32001F6433 /* Release */ = {
			isa = XCBuildConfiguration;
			baseConfigurationReference = D648E8CE93535522B34C3A76 /* Pods-TrueNoteUITests.release.xcconfig */;
			buildSettings = {
				ALWAYS_EMBED_SWIFT_STANDARD_LIBRARIES = YES;
				CODE_SIGN_STYLE = Automatic;
				INFOPLIST_FILE = TrueNoteUITests/Info.plist;
				LD_RUNPATH_SEARCH_PATHS = (
					"$(inherited)",
					"@executable_path/Frameworks",
					"@loader_path/Frameworks",
				);
				PRODUCT_BUNDLE_IDENTIFIER = com.malith.TrueNoteUITests;
				PRODUCT_NAME = "$(TARGET_NAME)";
				SWIFT_VERSION = 4.0;
				TARGETED_DEVICE_FAMILY = "1,2";
				TEST_TARGET_NAME = TrueNote;
			};
			name = Release;
		};
/* End XCBuildConfiguration section */

/* Begin XCConfigurationList section */
		1B72368A22907F30001F6433 /* Build configuration list for PBXProject "TrueNote" */ = {
			isa = XCConfigurationList;
			buildConfigurations = (
				1B7236B522907F32001F6433 /* Debug */,
				1B7236B622907F32001F6433 /* Release */,
			);
			defaultConfigurationIsVisible = 0;
			defaultConfigurationName = Release;
		};
		1B7236B722907F32001F6433 /* Build configuration list for PBXNativeTarget "TrueNote" */ = {
			isa = XCConfigurationList;
			buildConfigurations = (
				1B7236B822907F32001F6433 /* Debug */,
				1B7236B922907F32001F6433 /* Release */,
			);
			defaultConfigurationIsVisible = 0;
			defaultConfigurationName = Release;
		};
		1B7236BA22907F32001F6433 /* Build configuration list for PBXNativeTarget "TrueNoteTests" */ = {
			isa = XCConfigurationList;
			buildConfigurations = (
				1B7236BB22907F32001F6433 /* Debug */,
				1B7236BC22907F32001F6433 /* Release */,
			);
			defaultConfigurationIsVisible = 0;
			defaultConfigurationName = Release;
		};
		1B7236BD22907F32001F6433 /* Build configuration list for PBXNativeTarget "TrueNoteUITests" */ = {
			isa = XCConfigurationList;
			buildConfigurations = (
				1B7236BE22907F32001F6433 /* Debug */,
				1B7236BF22907F32001F6433 /* Release */,
			);
			defaultConfigurationIsVisible = 0;
			defaultConfigurationName = Release;
		};
/* End XCConfigurationList section */
	};
	rootObject = 1B72368722907F30001F6433 /* Project object */;
}
